<?xml version="1.0" encoding="utf-8"?>
<Project ToolsVersion="4.0" xmlns="http://schemas.microsoft.com/developer/msbuild/2003">
  <ItemGroup>
    <Filter Include="Allocators">
      <UniqueIdentifier>{921226d3-df61-40ab-b713-f3e184bd7a93}</UniqueIdentifier>
    </Filter>
    <Filter Include="Algorithms">
      <UniqueIdentifier>{0b42d63f-4916-43be-8ebf-c0a4183a4143}</UniqueIdentifier>
    </Filter>
    <Filter Include="DataStructures">
      <UniqueIdentifier>{fe02ba24-73bd-48a3-bc01-0bd3272a434c}</UniqueIdentifier>
    </Filter>
    <Filter Include="Debugging">
      <UniqueIdentifier>{9f2a3a57-9577-437b-80ae-a47880e46ed3}</UniqueIdentifier>
    </Filter>
    <Filter Include="Fundamental_Types">
      <UniqueIdentifier>{5b428a71-afe9-4e24-8577-db50756797fd}</UniqueIdentifier>
    </Filter>
    <Filter Include="Fundamental_Types\string">
      <UniqueIdentifier>{1e851715-eee0-42c3-8f0e-acb98ba0d3fd}</UniqueIdentifier>
    </Filter>
    <Filter Include="Macros">
      <UniqueIdentifier>{6b182aab-d508-401f-ae85-e42f93391bca}</UniqueIdentifier>
    </Filter>
    <Filter Include="Algorithms\Range2">
      <UniqueIdentifier>{f6d59e5d-99bf-41a8-a535-9e3de6f3348b}</UniqueIdentifier>
    </Filter>
    <Filter Include="Algorithms\Range2\utility">
      <UniqueIdentifier>{b69f436f-0e35-4373-b28d-b3db29bb8ae7}</UniqueIdentifier>
    </Filter>
  </ItemGroup>
  <ItemGroup>
    <ClInclude Include="debug_print.h">
      <Filter>Debugging</Filter>
    </ClInclude>
    <ClInclude Include="dyna_string.h">
      <Filter>Fundamental_Types\string</Filter>
    </ClInclude>
    <ClInclude Include="static_vector.h">
      <Filter>DataStructures</Filter>
    </ClInclude>
    <ClInclude Include="dyna_map.h">
      <Filter>DataStructures</Filter>
    </ClInclude>
    <ClInclude Include="dyna_vector.h">
      <Filter>DataStructures</Filter>
    </ClInclude>
    <ClInclude Include="static_array.h">
      <Filter>DataStructures</Filter>
    </ClInclude>
    <ClInclude Include="static_map.h">
      <Filter>DataStructures</Filter>
    </ClInclude>
    <ClInclude Include="allocator_heap.h">
      <Filter>Allocators</Filter>
    </ClInclude>
    <ClInclude Include="allocator_slot.h">
      <Filter>Allocators</Filter>
    </ClInclude>
    <ClInclude Include="allocator_stack.h">
      <Filter>Allocators</Filter>
    </ClInclude>
    <ClInclude Include="algorithmz.h">
      <Filter>Algorithms</Filter>
    </ClInclude>
    <ClInclude Include="static_string.h">
      <Filter>Fundamental_Types\string</Filter>
    </ClInclude>
    <ClInclude Include="base_array.h">
      <Filter>DataStructures</Filter>
    </ClInclude>
    <ClInclude Include="str_util.h">
      <Filter>Fundamental_Types\string</Filter>
    </ClInclude>
    <ClInclude Include="unused.h">
      <Filter>Macros</Filter>
    </ClInclude>
    <ClInclude Include="zero_struct.h">
      <Filter>Macros</Filter>
    </ClInclude>
    <ClInclude Include="no_op.h">
      <Filter>Macros</Filter>
    </ClInclude>
    <ClInclude Include="macros.h">
      <Filter>Macros</Filter>
    </ClInclude>
    <ClInclude Include="primitives.h">
      <Filter>Fundamental_Types</Filter>
    </ClInclude>
    <ClInclude Include="assert.h">
      <Filter>Debugging</Filter>
    </ClInclude>
    <ClInclude Include="view_interface.h">
      <Filter>Algorithms\Range2</Filter>
    </ClInclude>
    <ClInclude Include="iterator.h">
      <Filter>Algorithms\Range2\utility</Filter>
    </ClInclude>
    <ClInclude Include="range_forward_declarations.h">
      <Filter>Algorithms\Range2</Filter>
    </ClInclude>
    <ClInclude Include="range_concepts.h">
      <Filter>Algorithms\Range2</Filter>
    </ClInclude>
    <ClInclude Include="iterator_concepts.h">
      <Filter>Algorithms\Range2</Filter>
    </ClInclude>
    <ClInclude Include="range.h">
      <Filter>Algorithms\Range2</Filter>
    </ClInclude>
    <ClInclude Include="static_map_iterator.h">
      <Filter>DataStructures</Filter>
    </ClInclude>
  </ItemGroup>
  <ItemGroup>
    <ClCompile Include="dyna_string.cpp">
      <Filter>Fundamental_Types\string</Filter>
    </ClCompile>
    <ClCompile Include="dyna_map.cpp">
      <Filter>DataStructures</Filter>
    </ClCompile>
    <ClCompile Include="dyna_vector.cpp">
      <Filter>DataStructures</Filter>
    </ClCompile>
    <ClCompile Include="static_array.cpp">
      <Filter>DataStructures</Filter>
    </ClCompile>
    <ClCompile Include="static_map.cpp">
      <Filter>DataStructures</Filter>
    </ClCompile>
    <ClCompile Include="static_vector.cpp">
      <Filter>DataStructures</Filter>
    </ClCompile>
    <ClCompile Include="allocator_heap.cpp">
      <Filter>Allocators</Filter>
    </ClCompile>
    <ClCompile Include="allocator_slot.cpp">
      <Filter>Allocators</Filter>
    </ClCompile>
    <ClCompile Include="allocator_stack.cpp">
      <Filter>Allocators</Filter>
    </ClCompile>
    <ClCompile Include="algorithmz.cpp">
      <Filter>Algorithms</Filter>
    </ClCompile>
    <ClCompile Include="static_string.cpp">
      <Filter>Fundamental_Types\string</Filter>
    </ClCompile>
    <ClCompile Include="str_util.cpp">
      <Filter>Fundamental_Types\string</Filter>
    </ClCompile>
    <ClCompile Include="primitives.cpp">
      <Filter>Fundamental_Types</Filter>
    </ClCompile>
    <ClCompile Include="quicktest.cpp">
      <Filter>Algorithms\Range2</Filter>
    </ClCompile>
  </ItemGroup>
  <ItemGroup>
    <None Include="static_array.inl">
      <Filter>DataStructures</Filter>
    </None>
    <None Include="static_vector.inl">
      <Filter>DataStructures</Filter>
    </None>
    <None Include="static_string.inl">
      <Filter>Fundamental_Types\string</Filter>
    </None>
  </ItemGroup>
  <ItemGroup>
    <Natvis Include="nostl.natvis" />
  </ItemGroup>
</Project>